<?xml version="1.0" encoding="utf-8"?>
<Project ToolsVersion="4.0" xmlns="http://schemas.microsoft.com/developer/msbuild/2003">
  <ItemGroup>
    <Filter Include="_Precompiled Header">
      <UniqueIdentifier>{37fe5f62-804d-47a6-9228-81838ebdf59d}</UniqueIdentifier>
    </Filter>
    <Filter Include="_Main">
      <UniqueIdentifier>{4FC737F1-C7A5-4376-A066-2A32D752A2FF}</UniqueIdentifier>
      <Extensions>cpp;c;cc;cxx;def;odl;idl;hpj;bat;asm;asmx</Extensions>
    </Filter>
  </ItemGroup>
  <ItemGroup>
    <ClInclude Include="stdafx.h">
      <Filter>_Precompiled Header</Filter>
    </ClInclude>
  </ItemGroup>
  <ItemGroup>
    <ClCompile Include="Gameboy.Desktop.cpp">
      <Filter>_Main</Filter>
    </ClCompile>
    <ClCompile Include="stdafx.cpp">
      <Filter>_Precompiled Header</Filter>
    </ClCompile>
  </ItemGroup>
</Project>